
Microsoft Visual Studio Solution File, Format Version 12.00
# Visual Studio Version 16
VisualStudioVersion = 16.0.29509.3
MinimumVisualStudioVersion = 10.0.40219.1
Project("{8BC9CEB8-8B4A-11D0-8D11-00A0C91BC942}") = "WordCount", "WordCount\WordCount.vcxproj", "{317EDCCB-DBA5-40D5-9D60-1BD1B43ECC72}"
EndProject
Global
	GlobalSection(SolutionConfigurationPlatforms) = preSolution
		Debug|x64 = Debug|x64
		Debug|x86 = Debug|x86
		Release|x64 = Release|x64
		Release|x86 = Release|x86
	EndGlobalSection
	GlobalSection(ProjectConfigurationPlatforms) = postSolution
		{317EDCCB-DBA5-40D5-9D60-1BD1B43ECC72}.Debug|x64.ActiveCfg = Debug|x64
		{317EDCCB-DBA5-40D5-9D60-1BD1B43ECC72}.Debug|x64.Build.0 = Debug|x64
		{317EDCCB-DBA5-40D5-9D60-1BD1B43ECC72}.Debug|x86.ActiveCfg = Debug|Win32
		{317EDCCB-DBA5-40D5-9D60-1BD1B43ECC72}.Debug|x86.Build.0 = Debug|Win32
		{317EDCCB-DBA5-40D5-9D60-1BD1B43ECC72}.Release|x64.ActiveCfg = Release|x64
		{317EDCCB-DBA5-40D5-9D60-1BD1B43ECC72}.Release|x64.Build.0 = Release|x64
		{317EDCCB-DBA5-40D5-9D60-1BD1B43ECC72}.Release|x86.ActiveCfg = Release|Win32
		{317EDCCB-DBA5-40D5-9D60-1BD1B43ECC72}.Release|x86.Build.0 = Release|Win32
	EndGlobalSection
	GlobalSection(SolutionProperties) = preSolution
		HideSolutionNode = FALSE
	EndGlobalSection
	GlobalSection(ExtensibilityGlobals) = postSolution
		SolutionGuid = {7A018B51-0B01-49B7-9921-ED4C5C6BCA0F}
	EndGlobalSection
EndGlobal
